
Microsoft Visual Studio Solution File, Format Version 12.00
# Visual Studio Version 17
VisualStudioVersion = 17.2.32630.192
MinimumVisualStudioVersion = 10.0.40219.1
Project("{FAE04EC0-301F-11D3-BF4B-00C04F79EFBC}") = "ShoppingCartWebApi", "ShoppingCartWebApi\ShoppingCartWebApi.csproj", "{006CB03A-8307-4736-8109-9CC328DDF255}"
EndProject
Global
	GlobalSection(SolutionConfigurationPlatforms) = preSolution
		Debug|Any CPU = Debug|Any CPU
		Release|Any CPU = Release|Any CPU
	EndGlobalSection
	GlobalSection(ProjectConfigurationPlatforms) = postSolution
		{006CB03A-8307-4736-8109-9CC328DDF255}.Debug|Any CPU.ActiveCfg = Debug|Any CPU
		{006CB03A-8307-4736-8109-9CC328DDF255}.Debug|Any CPU.Build.0 = Debug|Any CPU
		{006CB03A-8307-4736-8109-9CC328DDF255}.Release|Any CPU.ActiveCfg = Release|Any CPU
		{006CB03A-8307-4736-8109-9CC328DDF255}.Release|Any CPU.Build.0 = Release|Any CPU
	EndGlobalSection
	GlobalSection(SolutionProperties) = preSolution
		HideSolutionNode = FALSE
	EndGlobalSection
	GlobalSection(ExtensibilityGlobals) = postSolution
		SolutionGuid = {03092CE8-4B07-42F9-9511-4082018C60C5}
	EndGlobalSection
EndGlobal
